
Microsoft Visual Studio Solution File, Format Version 12.00
# Visual Studio Version 16
VisualStudioVersion = 16.0.31613.86
MinimumVisualStudioVersion = 10.0.40219.1
Project("{FAE04EC0-301F-11D3-BF4B-00C04F79EFBC}") = "CarClasses", "CarClasses\CarClasses.csproj", "{0370BDCC-E0AC-4A95-91C7-6D79FB7D831A}"
EndProject
Global
	GlobalSection(SolutionConfigurationPlatforms) = preSolution
		Debug|Any CPU = Debug|Any CPU
		Release|Any CPU = Release|Any CPU
	EndGlobalSection
	GlobalSection(ProjectConfigurationPlatforms) = postSolution
		{0370BDCC-E0AC-4A95-91C7-6D79FB7D831A}.Debug|Any CPU.ActiveCfg = Debug|Any CPU
		{0370BDCC-E0AC-4A95-91C7-6D79FB7D831A}.Debug|Any CPU.Build.0 = Debug|Any CPU
		{0370BDCC-E0AC-4A95-91C7-6D79FB7D831A}.Release|Any CPU.ActiveCfg = Release|Any CPU
		{0370BDCC-E0AC-4A95-91C7-6D79FB7D831A}.Release|Any CPU.Build.0 = Release|Any CPU
	EndGlobalSection
	GlobalSection(SolutionProperties) = preSolution
		HideSolutionNode = FALSE
	EndGlobalSection
	GlobalSection(ExtensibilityGlobals) = postSolution
		SolutionGuid = {7694996C-CB6F-434F-B40F-DEDC6558D1FD}
	EndGlobalSection
EndGlobal
